
Microsoft Visual Studio Solution File, Format Version 12.00
# Visual Studio Version 17
VisualStudioVersion = 17.6.33723.286
MinimumVisualStudioVersion = 10.0.40219.1
Project("{FAE04EC0-301F-11D3-BF4B-00C04F79EFBC}") = "vki-hesapla", "vki-hesapla.csproj", "{B2E0FA5B-46A2-4830-B708-A62564330874}"
EndProject
Global
	GlobalSection(SolutionConfigurationPlatforms) = preSolution
		Debug|Any CPU = Debug|Any CPU
		Release|Any CPU = Release|Any CPU
	EndGlobalSection
	GlobalSection(ProjectConfigurationPlatforms) = postSolution
		{B2E0FA5B-46A2-4830-B708-A62564330874}.Debug|Any CPU.ActiveCfg = Debug|Any CPU
		{B2E0FA5B-46A2-4830-B708-A62564330874}.Debug|Any CPU.Build.0 = Debug|Any CPU
		{B2E0FA5B-46A2-4830-B708-A62564330874}.Release|Any CPU.ActiveCfg = Release|Any CPU
		{B2E0FA5B-46A2-4830-B708-A62564330874}.Release|Any CPU.Build.0 = Release|Any CPU
	EndGlobalSection
	GlobalSection(SolutionProperties) = preSolution
		HideSolutionNode = FALSE
	EndGlobalSection
	GlobalSection(ExtensibilityGlobals) = postSolution
		SolutionGuid = {6A39EED4-0F68-45AD-9C3D-2868CEC1BD60}
	EndGlobalSection
EndGlobal
