
Microsoft Visual Studio Solution File, Format Version 12.00
# Visual Studio Version 17
VisualStudioVersion = 17.4.33213.308
MinimumVisualStudioVersion = 10.0.40219.1
Project("{FAE04EC0-301F-11D3-BF4B-00C04F79EFBC}") = "trafikLambasi", "trafikLambasi.csproj", "{03E68255-FFD3-42C6-9D69-97B2920C7648}"
EndProject
Global
	GlobalSection(SolutionConfigurationPlatforms) = preSolution
		Debug|Any CPU = Debug|Any CPU
		Release|Any CPU = Release|Any CPU
	EndGlobalSection
	GlobalSection(ProjectConfigurationPlatforms) = postSolution
		{03E68255-FFD3-42C6-9D69-97B2920C7648}.Debug|Any CPU.ActiveCfg = Debug|Any CPU
		{03E68255-FFD3-42C6-9D69-97B2920C7648}.Debug|Any CPU.Build.0 = Debug|Any CPU
		{03E68255-FFD3-42C6-9D69-97B2920C7648}.Release|Any CPU.ActiveCfg = Release|Any CPU
		{03E68255-FFD3-42C6-9D69-97B2920C7648}.Release|Any CPU.Build.0 = Release|Any CPU
	EndGlobalSection
	GlobalSection(SolutionProperties) = preSolution
		HideSolutionNode = FALSE
	EndGlobalSection
	GlobalSection(ExtensibilityGlobals) = postSolution
		SolutionGuid = {50E3D0CD-2995-4CA1-9F9B-8587D33E0F25}
	EndGlobalSection
EndGlobal
